
Microsoft Visual Studio Solution File, Format Version 10.00
# Visual Studio 2008
Project("{F184B08F-C81C-45F6-A57F-5ABD9991F28F}") = "IMDEV.BaseDeDonnees", "IMDEV.BaseDeDonnees\IMDEV.BaseDeDonnees.vbproj", "{A822D42E-B634-43E6-8D7E-E8AF7CD1669B}"
EndProject
Project("{F184B08F-C81C-45F6-A57F-5ABD9991F28F}") = "IMDEV.BaseDeRegistre", "IMDEV.BaseDeRegistre\IMDEV.BaseDeRegistre.vbproj", "{F2910BB4-2A4A-4F6B-A654-5A21413643E5}"
EndProject
Project("{F184B08F-C81C-45F6-A57F-5ABD9991F28F}") = "IMDEV.ClientFTP", "IMDEV.ClientFTP\IMDEV.ClientFTP.vbproj", "{840DA297-5091-45BE-B8E4-B42BFFA15D8A}"
EndProject
Project("{F184B08F-C81C-45F6-A57F-5ABD9991F28F}") = "IMDEV.ComposantsGraphique", "IMDEV.ComposantsGraphique\IMDEV.ComposantsGraphique.vbproj", "{1F99C55F-FA87-4363-BE23-5FC8F4E24195}"
EndProject
Project("{F184B08F-C81C-45F6-A57F-5ABD9991F28F}") = "IMDEV.Conversion", "IMDEV.Conversion\IMDEV.Conversion.vbproj", "{F3715907-FA61-46DD-8CF4-04E4A4716DA1}"
EndProject
Project("{F184B08F-C81C-45F6-A57F-5ABD9991F28F}") = "IMDEV.Cryptage", "IMDEV.Cryptage\IMDEV.Cryptage.vbproj", "{AF79CFF5-93C2-40FA-AC6B-A03AB87C67AE}"
EndProject
Project("{F184B08F-C81C-45F6-A57F-5ABD9991F28F}") = "IMDEV.Date", "IMDEV.Date\IMDEV.Date.vbproj", "{74BAADCA-AAC9-410B-8F98-C9DF5E5DF26B}"
EndProject
Project("{F184B08F-C81C-45F6-A57F-5ABD9991F28F}") = "IMDEV.FichiersINI", "IMDEV.FichiersINI\IMDEV.FichiersINI.vbproj", "{0CD01270-638A-47EB-8C1D-0744C784A6E5}"
EndProject
Project("{F184B08F-C81C-45F6-A57F-5ABD9991F28F}") = "IMDEV.GenLog", "IMDEV.GenLog\IMDEV.GenLog.vbproj", "{49CBC3E7-98C6-4E2F-90DB-7C47B4F22918}"
EndProject
Project("{F184B08F-C81C-45F6-A57F-5ABD9991F28F}") = "IMDEV.GestionFichiers", "IMDEV.GestionFichiers\IMDEV.GestionFichiers.vbproj", "{4A229812-6349-4A4A-A775-2C0064CF5B73}"
EndProject
Project("{FAE04EC0-301F-11D3-BF4B-00C04F79EFBC}") = "IMDEV.gestionOffice", "IMDEV.gestionOffice\IMDEV.gestionOffice.csproj", "{7CA35510-0B65-4E15-8715-CFCEA1CEB59E}"
EndProject
Project("{F184B08F-C81C-45F6-A57F-5ABD9991F28F}") = "IMDEV.GestProcess", "IMDEV.GestProcess\IMDEV.GestProcess.vbproj", "{40C1DF27-AC34-43B7-A8CC-D1D7E60DB288}"
EndProject
Project("{FAE04EC0-301F-11D3-BF4B-00C04F79EFBC}") = "IMDEV.GUI", "IMDEV.GUI\IMDEV.GUI.csproj", "{5F560D48-C832-4F88-AD8B-05610216D910}"
EndProject
Project("{F184B08F-C81C-45F6-A57F-5ABD9991F28F}") = "IMDEV.Interpreteurs", "IMDEV.Interpreteurs\IMDEV.Interpreteurs.vbproj", "{EB71387E-8801-443B-9BD4-EE1B8BEFB706}"
EndProject
Project("{F184B08F-C81C-45F6-A57F-5ABD9991F28F}") = "IMDEV.MailSMS", "IMDEV.MailSMS\IMDEV.MailSMS.vbproj", "{FF7B981A-A382-4F93-815E-411D4BD6CFC0}"
EndProject
Project("{F184B08F-C81C-45F6-A57F-5ABD9991F28F}") = "IMDEV.Maths", "IMDEV.Maths\IMDEV.Maths.vbproj", "{0E90F218-165A-48B5-95AA-5319C1CD5A16}"
EndProject
Project("{FAE04EC0-301F-11D3-BF4B-00C04F79EFBC}") = "IMDEV.OpenERP", "IMDEV.OpenERP\IMDEV.OpenERP\IMDEV.OpenERP.csproj", "{A4218208-C0F3-4AAA-987B-67BF8E121F5B}"
EndProject
Project("{FAE04EC0-301F-11D3-BF4B-00C04F79EFBC}") = "IMDEV.OpenERP.EG", "IMDEV.OpenERP\IMDEV.OpenERP.EG\IMDEV.OpenERP.EG.csproj", "{CC6FE853-95F5-4881-8500-66E24EB91076}"
EndProject
Project("{FAE04EC0-301F-11D3-BF4B-00C04F79EFBC}") = "IMDEV.PackUnpack", "IMDEV.PackUnpack\IMDEV.PackUnpack.csproj", "{A027A36A-42BE-4B86-9A06-9B9ECE6759C0}"
EndProject
Project("{FAE04EC0-301F-11D3-BF4B-00C04F79EFBC}") = "IMDEV.Reseaux", "IMDEV.Reseaux\IMDEV.Reseaux.csproj", "{4DAAEF12-0569-4180-A1CD-67018069B330}"
EndProject
Project("{FAE04EC0-301F-11D3-BF4B-00C04F79EFBC}") = "IMDEV.Threading", "IMDEV.Threading\IMDEV.Threading\IMDEV.Threading.csproj", "{BA58B895-0EC5-4AD0-A83E-1595D3B542C4}"
EndProject
Project("{FAE04EC0-301F-11D3-BF4B-00C04F79EFBC}") = "IMDEV.Database", "IMDEV.Database\IMDEV.Database.csproj", "{D51D762B-FD76-4194-B98B-CF1B477B314F}"
EndProject
Project("{FAE04EC0-301F-11D3-BF4B-00C04F79EFBC}") = "IMDEV.InstantMessaging", "IMDEV.InstantMessaging\InstantMessaging\IMDEV.InstantMessaging.csproj", "{2477D5AA-C7F7-4215-A396-063BBBF5F0E6}"
EndProject
Project("{FAE04EC0-301F-11D3-BF4B-00C04F79EFBC}") = "IMDEV.GestString", "IMDEV.GestString\IMDEV.GestString.csproj", "{98239CE9-D4B1-4081-97D8-2471CDFA6C59}"
EndProject
Global
	GlobalSection(SolutionConfigurationPlatforms) = preSolution
		Debug|Any CPU = Debug|Any CPU
		Release|Any CPU = Release|Any CPU
	EndGlobalSection
	GlobalSection(ProjectConfigurationPlatforms) = postSolution
		{A822D42E-B634-43E6-8D7E-E8AF7CD1669B}.Debug|Any CPU.ActiveCfg = Debug|Any CPU
		{A822D42E-B634-43E6-8D7E-E8AF7CD1669B}.Debug|Any CPU.Build.0 = Debug|Any CPU
		{A822D42E-B634-43E6-8D7E-E8AF7CD1669B}.Release|Any CPU.ActiveCfg = Release|Any CPU
		{A822D42E-B634-43E6-8D7E-E8AF7CD1669B}.Release|Any CPU.Build.0 = Release|Any CPU
		{F2910BB4-2A4A-4F6B-A654-5A21413643E5}.Debug|Any CPU.ActiveCfg = Debug|Any CPU
		{F2910BB4-2A4A-4F6B-A654-5A21413643E5}.Debug|Any CPU.Build.0 = Debug|Any CPU
		{F2910BB4-2A4A-4F6B-A654-5A21413643E5}.Release|Any CPU.ActiveCfg = Release|Any CPU
		{F2910BB4-2A4A-4F6B-A654-5A21413643E5}.Release|Any CPU.Build.0 = Release|Any CPU
		{840DA297-5091-45BE-B8E4-B42BFFA15D8A}.Debug|Any CPU.ActiveCfg = Debug|Any CPU
		{840DA297-5091-45BE-B8E4-B42BFFA15D8A}.Debug|Any CPU.Build.0 = Debug|Any CPU
		{840DA297-5091-45BE-B8E4-B42BFFA15D8A}.Release|Any CPU.ActiveCfg = Release|Any CPU
		{840DA297-5091-45BE-B8E4-B42BFFA15D8A}.Release|Any CPU.Build.0 = Release|Any CPU
		{1F99C55F-FA87-4363-BE23-5FC8F4E24195}.Debug|Any CPU.ActiveCfg = Debug|Any CPU
		{1F99C55F-FA87-4363-BE23-5FC8F4E24195}.Debug|Any CPU.Build.0 = Debug|Any CPU
		{1F99C55F-FA87-4363-BE23-5FC8F4E24195}.Release|Any CPU.ActiveCfg = Release|Any CPU
		{1F99C55F-FA87-4363-BE23-5FC8F4E24195}.Release|Any CPU.Build.0 = Release|Any CPU
		{F3715907-FA61-46DD-8CF4-04E4A4716DA1}.Debug|Any CPU.ActiveCfg = Debug|Any CPU
		{F3715907-FA61-46DD-8CF4-04E4A4716DA1}.Debug|Any CPU.Build.0 = Debug|Any CPU
		{F3715907-FA61-46DD-8CF4-04E4A4716DA1}.Release|Any CPU.ActiveCfg = Release|Any CPU
		{F3715907-FA61-46DD-8CF4-04E4A4716DA1}.Release|Any CPU.Build.0 = Release|Any CPU
		{AF79CFF5-93C2-40FA-AC6B-A03AB87C67AE}.Debug|Any CPU.ActiveCfg = Debug|Any CPU
		{AF79CFF5-93C2-40FA-AC6B-A03AB87C67AE}.Debug|Any CPU.Build.0 = Debug|Any CPU
		{AF79CFF5-93C2-40FA-AC6B-A03AB87C67AE}.Release|Any CPU.ActiveCfg = Release|Any CPU
		{AF79CFF5-93C2-40FA-AC6B-A03AB87C67AE}.Release|Any CPU.Build.0 = Release|Any CPU
		{74BAADCA-AAC9-410B-8F98-C9DF5E5DF26B}.Debug|Any CPU.ActiveCfg = Debug|Any CPU
		{74BAADCA-AAC9-410B-8F98-C9DF5E5DF26B}.Debug|Any CPU.Build.0 = Debug|Any CPU
		{74BAADCA-AAC9-410B-8F98-C9DF5E5DF26B}.Release|Any CPU.ActiveCfg = Release|Any CPU
		{74BAADCA-AAC9-410B-8F98-C9DF5E5DF26B}.Release|Any CPU.Build.0 = Release|Any CPU
		{0CD01270-638A-47EB-8C1D-0744C784A6E5}.Debug|Any CPU.ActiveCfg = Debug|Any CPU
		{0CD01270-638A-47EB-8C1D-0744C784A6E5}.Debug|Any CPU.Build.0 = Debug|Any CPU
		{0CD01270-638A-47EB-8C1D-0744C784A6E5}.Release|Any CPU.ActiveCfg = Release|Any CPU
		{0CD01270-638A-47EB-8C1D-0744C784A6E5}.Release|Any CPU.Build.0 = Release|Any CPU
		{49CBC3E7-98C6-4E2F-90DB-7C47B4F22918}.Debug|Any CPU.ActiveCfg = Debug|Any CPU
		{49CBC3E7-98C6-4E2F-90DB-7C47B4F22918}.Debug|Any CPU.Build.0 = Debug|Any CPU
		{49CBC3E7-98C6-4E2F-90DB-7C47B4F22918}.Release|Any CPU.ActiveCfg = Release|Any CPU
		{49CBC3E7-98C6-4E2F-90DB-7C47B4F22918}.Release|Any CPU.Build.0 = Release|Any CPU
		{4A229812-6349-4A4A-A775-2C0064CF5B73}.Debug|Any CPU.ActiveCfg = Debug|Any CPU
		{4A229812-6349-4A4A-A775-2C0064CF5B73}.Debug|Any CPU.Build.0 = Debug|Any CPU
		{4A229812-6349-4A4A-A775-2C0064CF5B73}.Release|Any CPU.ActiveCfg = Release|Any CPU
		{4A229812-6349-4A4A-A775-2C0064CF5B73}.Release|Any CPU.Build.0 = Release|Any CPU
		{7CA35510-0B65-4E15-8715-CFCEA1CEB59E}.Debug|Any CPU.ActiveCfg = Debug|Any CPU
		{7CA35510-0B65-4E15-8715-CFCEA1CEB59E}.Debug|Any CPU.Build.0 = Debug|Any CPU
		{7CA35510-0B65-4E15-8715-CFCEA1CEB59E}.Release|Any CPU.ActiveCfg = Release|Any CPU
		{7CA35510-0B65-4E15-8715-CFCEA1CEB59E}.Release|Any CPU.Build.0 = Release|Any CPU
		{40C1DF27-AC34-43B7-A8CC-D1D7E60DB288}.Debug|Any CPU.ActiveCfg = Debug|Any CPU
		{40C1DF27-AC34-43B7-A8CC-D1D7E60DB288}.Debug|Any CPU.Build.0 = Debug|Any CPU
		{40C1DF27-AC34-43B7-A8CC-D1D7E60DB288}.Release|Any CPU.ActiveCfg = Release|Any CPU
		{40C1DF27-AC34-43B7-A8CC-D1D7E60DB288}.Release|Any CPU.Build.0 = Release|Any CPU
		{5F560D48-C832-4F88-AD8B-05610216D910}.Debug|Any CPU.ActiveCfg = Debug|Any CPU
		{5F560D48-C832-4F88-AD8B-05610216D910}.Debug|Any CPU.Build.0 = Debug|Any CPU
		{5F560D48-C832-4F88-AD8B-05610216D910}.Release|Any CPU.ActiveCfg = Release|Any CPU
		{5F560D48-C832-4F88-AD8B-05610216D910}.Release|Any CPU.Build.0 = Release|Any CPU
		{EB71387E-8801-443B-9BD4-EE1B8BEFB706}.Debug|Any CPU.ActiveCfg = Debug|Any CPU
		{EB71387E-8801-443B-9BD4-EE1B8BEFB706}.Debug|Any CPU.Build.0 = Debug|Any CPU
		{EB71387E-8801-443B-9BD4-EE1B8BEFB706}.Release|Any CPU.ActiveCfg = Release|Any CPU
		{EB71387E-8801-443B-9BD4-EE1B8BEFB706}.Release|Any CPU.Build.0 = Release|Any CPU
		{FF7B981A-A382-4F93-815E-411D4BD6CFC0}.Debug|Any CPU.ActiveCfg = Debug|Any CPU
		{FF7B981A-A382-4F93-815E-411D4BD6CFC0}.Debug|Any CPU.Build.0 = Debug|Any CPU
		{FF7B981A-A382-4F93-815E-411D4BD6CFC0}.Release|Any CPU.ActiveCfg = Release|Any CPU
		{FF7B981A-A382-4F93-815E-411D4BD6CFC0}.Release|Any CPU.Build.0 = Release|Any CPU
		{0E90F218-165A-48B5-95AA-5319C1CD5A16}.Debug|Any CPU.ActiveCfg = Debug|Any CPU
		{0E90F218-165A-48B5-95AA-5319C1CD5A16}.Debug|Any CPU.Build.0 = Debug|Any CPU
		{0E90F218-165A-48B5-95AA-5319C1CD5A16}.Release|Any CPU.ActiveCfg = Release|Any CPU
		{0E90F218-165A-48B5-95AA-5319C1CD5A16}.Release|Any CPU.Build.0 = Release|Any CPU
		{A4218208-C0F3-4AAA-987B-67BF8E121F5B}.Debug|Any CPU.ActiveCfg = Debug|Any CPU
		{A4218208-C0F3-4AAA-987B-67BF8E121F5B}.Debug|Any CPU.Build.0 = Debug|Any CPU
		{A4218208-C0F3-4AAA-987B-67BF8E121F5B}.Release|Any CPU.ActiveCfg = Release|Any CPU
		{A4218208-C0F3-4AAA-987B-67BF8E121F5B}.Release|Any CPU.Build.0 = Release|Any CPU
		{CC6FE853-95F5-4881-8500-66E24EB91076}.Debug|Any CPU.ActiveCfg = Debug|Any CPU
		{CC6FE853-95F5-4881-8500-66E24EB91076}.Debug|Any CPU.Build.0 = Debug|Any CPU
		{CC6FE853-95F5-4881-8500-66E24EB91076}.Release|Any CPU.ActiveCfg = Release|Any CPU
		{CC6FE853-95F5-4881-8500-66E24EB91076}.Release|Any CPU.Build.0 = Release|Any CPU
		{A027A36A-42BE-4B86-9A06-9B9ECE6759C0}.Debug|Any CPU.ActiveCfg = Debug|Any CPU
		{A027A36A-42BE-4B86-9A06-9B9ECE6759C0}.Debug|Any CPU.Build.0 = Debug|Any CPU
		{A027A36A-42BE-4B86-9A06-9B9ECE6759C0}.Release|Any CPU.ActiveCfg = Release|Any CPU
		{A027A36A-42BE-4B86-9A06-9B9ECE6759C0}.Release|Any CPU.Build.0 = Release|Any CPU
		{4DAAEF12-0569-4180-A1CD-67018069B330}.Debug|Any CPU.ActiveCfg = Debug|Any CPU
		{4DAAEF12-0569-4180-A1CD-67018069B330}.Debug|Any CPU.Build.0 = Debug|Any CPU
		{4DAAEF12-0569-4180-A1CD-67018069B330}.Release|Any CPU.ActiveCfg = Release|Any CPU
		{4DAAEF12-0569-4180-A1CD-67018069B330}.Release|Any CPU.Build.0 = Release|Any CPU
		{BA58B895-0EC5-4AD0-A83E-1595D3B542C4}.Debug|Any CPU.ActiveCfg = Debug|Any CPU
		{BA58B895-0EC5-4AD0-A83E-1595D3B542C4}.Debug|Any CPU.Build.0 = Debug|Any CPU
		{BA58B895-0EC5-4AD0-A83E-1595D3B542C4}.Release|Any CPU.ActiveCfg = Release|Any CPU
		{BA58B895-0EC5-4AD0-A83E-1595D3B542C4}.Release|Any CPU.Build.0 = Release|Any CPU
		{D51D762B-FD76-4194-B98B-CF1B477B314F}.Debug|Any CPU.ActiveCfg = Debug|Any CPU
		{D51D762B-FD76-4194-B98B-CF1B477B314F}.Debug|Any CPU.Build.0 = Debug|Any CPU
		{D51D762B-FD76-4194-B98B-CF1B477B314F}.Release|Any CPU.ActiveCfg = Release|Any CPU
		{D51D762B-FD76-4194-B98B-CF1B477B314F}.Release|Any CPU.Build.0 = Release|Any CPU
		{2477D5AA-C7F7-4215-A396-063BBBF5F0E6}.Debug|Any CPU.ActiveCfg = Debug|Any CPU
		{2477D5AA-C7F7-4215-A396-063BBBF5F0E6}.Debug|Any CPU.Build.0 = Debug|Any CPU
		{2477D5AA-C7F7-4215-A396-063BBBF5F0E6}.Release|Any CPU.ActiveCfg = Release|Any CPU
		{2477D5AA-C7F7-4215-A396-063BBBF5F0E6}.Release|Any CPU.Build.0 = Release|Any CPU
		{98239CE9-D4B1-4081-97D8-2471CDFA6C59}.Debug|Any CPU.ActiveCfg = Debug|Any CPU
		{98239CE9-D4B1-4081-97D8-2471CDFA6C59}.Debug|Any CPU.Build.0 = Debug|Any CPU
		{98239CE9-D4B1-4081-97D8-2471CDFA6C59}.Release|Any CPU.ActiveCfg = Release|Any CPU
		{98239CE9-D4B1-4081-97D8-2471CDFA6C59}.Release|Any CPU.Build.0 = Release|Any CPU
	EndGlobalSection
	GlobalSection(SolutionProperties) = preSolution
		HideSolutionNode = FALSE
	EndGlobalSection
EndGlobal
